
Microsoft Visual Studio Solution File, Format Version 12.00
Project("{FAE04EC0-301F-11D3-BF4B-00C04F79EFBC}") = "ArithmeticParser", "ArithmeticParser\ArithmeticParser.csproj", "{6346A46E-E17E-4D12-AD59-0D7ADC2F094C}"
EndProject
Project("{FAE04EC0-301F-11D3-BF4B-00C04F79EFBC}") = "ArithmeticParser.Tests", "ArithmeticParser.Tests\ArithmeticParser.Tests.csproj", "{0BFE028B-B5CF-48DE-98DA-949E8CB3A8D6}"
EndProject
Global
	GlobalSection(SolutionConfigurationPlatforms) = preSolution
		Debug|Any CPU = Debug|Any CPU
		Release|Any CPU = Release|Any CPU
	EndGlobalSection
	GlobalSection(ProjectConfigurationPlatforms) = postSolution
		{6346A46E-E17E-4D12-AD59-0D7ADC2F094C}.Debug|Any CPU.ActiveCfg = Debug|Any CPU
		{6346A46E-E17E-4D12-AD59-0D7ADC2F094C}.Debug|Any CPU.Build.0 = Debug|Any CPU
		{6346A46E-E17E-4D12-AD59-0D7ADC2F094C}.Release|Any CPU.ActiveCfg = Release|Any CPU
		{6346A46E-E17E-4D12-AD59-0D7ADC2F094C}.Release|Any CPU.Build.0 = Release|Any CPU
		{0BFE028B-B5CF-48DE-98DA-949E8CB3A8D6}.Debug|Any CPU.ActiveCfg = Debug|Any CPU
		{0BFE028B-B5CF-48DE-98DA-949E8CB3A8D6}.Debug|Any CPU.Build.0 = Debug|Any CPU
		{0BFE028B-B5CF-48DE-98DA-949E8CB3A8D6}.Release|Any CPU.ActiveCfg = Release|Any CPU
		{0BFE028B-B5CF-48DE-98DA-949E8CB3A8D6}.Release|Any CPU.Build.0 = Release|Any CPU
	EndGlobalSection
EndGlobal
